
Microsoft Visual Studio Solution File, Format Version 12.00
# Visual Studio Version 16
VisualStudioVersion = 16.0.29230.47
MinimumVisualStudioVersion = 10.0.40219.1
Project("{8BC9CEB8-8B4A-11D0-8D11-00A0C91BC942}") = "OpenRen", "OpenRen\OpenRen.vcxproj", "{0C085F04-F68E-4147-971C-4E8582F3F38B}"
EndProject
Global
	GlobalSection(SolutionConfigurationPlatforms) = preSolution
		AVP2 - Debug|x64 = AVP2 - Debug|x64
		AVP2 - Debug|x86 = AVP2 - Debug|x86
		NOLF - Debug|x64 = NOLF - Debug|x64
		NOLF - Debug|x86 = NOLF - Debug|x86
		Release|x64 = Release|x64
		Release|x86 = Release|x86
	EndGlobalSection
	GlobalSection(ProjectConfigurationPlatforms) = postSolution
		{0C085F04-F68E-4147-971C-4E8582F3F38B}.AVP2 - Debug|x64.ActiveCfg = AVP2 - Debug|x64
		{0C085F04-F68E-4147-971C-4E8582F3F38B}.AVP2 - Debug|x64.Build.0 = AVP2 - Debug|x64
		{0C085F04-F68E-4147-971C-4E8582F3F38B}.AVP2 - Debug|x86.ActiveCfg = AVP2 - Debug|Win32
		{0C085F04-F68E-4147-971C-4E8582F3F38B}.AVP2 - Debug|x86.Build.0 = AVP2 - Debug|Win32
		{0C085F04-F68E-4147-971C-4E8582F3F38B}.NOLF - Debug|x64.ActiveCfg = Debug|x64
		{0C085F04-F68E-4147-971C-4E8582F3F38B}.NOLF - Debug|x64.Build.0 = Debug|x64
		{0C085F04-F68E-4147-971C-4E8582F3F38B}.NOLF - Debug|x86.ActiveCfg = Debug|Win32
		{0C085F04-F68E-4147-971C-4E8582F3F38B}.NOLF - Debug|x86.Build.0 = Debug|Win32
		{0C085F04-F68E-4147-971C-4E8582F3F38B}.Release|x64.ActiveCfg = Release|x64
		{0C085F04-F68E-4147-971C-4E8582F3F38B}.Release|x64.Build.0 = Release|x64
		{0C085F04-F68E-4147-971C-4E8582F3F38B}.Release|x86.ActiveCfg = Release|Win32
		{0C085F04-F68E-4147-971C-4E8582F3F38B}.Release|x86.Build.0 = Release|Win32
	EndGlobalSection
	GlobalSection(SolutionProperties) = preSolution
		HideSolutionNode = FALSE
	EndGlobalSection
	GlobalSection(ExtensibilityGlobals) = postSolution
		SolutionGuid = {2BEF61EA-D656-4041-BFDC-53556AB9C02B}
	EndGlobalSection
EndGlobal
